
Microsoft Visual Studio Solution File, Format Version 12.00
# Visual Studio Version 16
VisualStudioVersion = 16.0.32901.82
MinimumVisualStudioVersion = 10.0.40219.1
Project("{FAE04EC0-301F-11D3-BF4B-00C04F79EFBC}") = "DummyPipelineTestApp", "DummyPipelineTestApp\DummyPipelineTestApp.csproj", "{C38D864B-0140-4556-9885-7E8E57B502A9}"
EndProject
Global
	GlobalSection(SolutionConfigurationPlatforms) = preSolution
		Debug|Any CPU = Debug|Any CPU
		Release|Any CPU = Release|Any CPU
	EndGlobalSection
	GlobalSection(ProjectConfigurationPlatforms) = postSolution
		{C38D864B-0140-4556-9885-7E8E57B502A9}.Debug|Any CPU.ActiveCfg = Debug|Any CPU
		{C38D864B-0140-4556-9885-7E8E57B502A9}.Debug|Any CPU.Build.0 = Debug|Any CPU
		{C38D864B-0140-4556-9885-7E8E57B502A9}.Release|Any CPU.ActiveCfg = Release|Any CPU
		{C38D864B-0140-4556-9885-7E8E57B502A9}.Release|Any CPU.Build.0 = Release|Any CPU
	EndGlobalSection
	GlobalSection(SolutionProperties) = preSolution
		HideSolutionNode = FALSE
	EndGlobalSection
	GlobalSection(ExtensibilityGlobals) = postSolution
		SolutionGuid = {CAD51493-B55B-4D3B-AFCE-7BF9B91B3B6B}
	EndGlobalSection
EndGlobal
